# Hash-pinned closure of bridge/requirements.txt.
#
# requirements.txt pins versions; this pins the artefacts. CI installs
# with --require-hashes so a green run is reproducible rather than a
# statement about what PyPI resolved that morning.
#
# Regenerate: pip download -d DIR -r <(pip freeze) && pip hash DIR/*

certifi==2026.7.22 \
    --hash=sha256:62f22742b58a1a33014a2b6b706588a8d7e2a88ae7bd1a6ebe8c992928483775
charset-normalizer==3.5.1 \
    --hash=sha256:2f06b7eae9dbe77fe1d644ca244dad508de8d302870a43f3c559b521270938a0
idna==3.19 \
    --hash=sha256:815e7be7a7806d54abb586dc943addc79e8b2ee16915059658cbeff4b1b43bf4
ifaddr==0.2.0 \
    --hash=sha256:085e0305cfe6f16ab12d72e2024030f5d52674afad6911bb1eee207177b8a748
jeepney==0.9.0 \
    --hash=sha256:97e5714520c16fc0a45695e5365a2e11b81ea79bba796e26f9f1d178cb182683
requests==2.34.2 \
    --hash=sha256:2a0d60c172f83ac6ab31e4554906c0f3b3588d37b5cb939b1c061f4907e278e0
roonapi==0.1.6 \
    --hash=sha256:811197037679ca834883a761e5e89e82fe0e6ae890d0009a4a6f0adf3eaf18e1
six==1.17.0 \
    --hash=sha256:4721f391ed90541fddacab5acf947aa0d3dc7d27b2e1e8eda2be8970586c3274
urllib3==2.7.0 \
    --hash=sha256:9fb4c81ebbb1ce9531cce37674bbc6f1360472bc18ca9a553ede278ef7276897
websocket-client==1.9.2 \
    --hash=sha256:e1a673830a9c7bfa47b1cd3d5e4178f4c9651d80a4eab02c9c23a1c3ec6250ce
